
Microsoft Visual Studio Solution File, Format Version 12.00
# Visual Studio Version 16
VisualStudioVersion = 16.0.31613.86
MinimumVisualStudioVersion = 10.0.40219.1
Project("{FAE04EC0-301F-11D3-BF4B-00C04F79EFBC}") = "employeetime.Common", "employeetime.Common\employeetime.Common.csproj", "{6163F6A1-27F6-4BF2-9C84-394CC00580BA}"
EndProject
Global
	GlobalSection(SolutionConfigurationPlatforms) = preSolution
		Debug|Any CPU = Debug|Any CPU
		Release|Any CPU = Release|Any CPU
	EndGlobalSection
	GlobalSection(ProjectConfigurationPlatforms) = postSolution
		{6163F6A1-27F6-4BF2-9C84-394CC00580BA}.Debug|Any CPU.ActiveCfg = Debug|Any CPU
		{6163F6A1-27F6-4BF2-9C84-394CC00580BA}.Debug|Any CPU.Build.0 = Debug|Any CPU
		{6163F6A1-27F6-4BF2-9C84-394CC00580BA}.Release|Any CPU.ActiveCfg = Release|Any CPU
		{6163F6A1-27F6-4BF2-9C84-394CC00580BA}.Release|Any CPU.Build.0 = Release|Any CPU
	EndGlobalSection
	GlobalSection(SolutionProperties) = preSolution
		HideSolutionNode = FALSE
	EndGlobalSection
	GlobalSection(ExtensibilityGlobals) = postSolution
		SolutionGuid = {21513671-6B75-4339-A7A7-C9563B285896}
	EndGlobalSection
EndGlobal
